
Microsoft Visual Studio Solution File, Format Version 12.00
# Visual Studio Version 17
VisualStudioVersion = 17.4.33205.214
MinimumVisualStudioVersion = 10.0.40219.1
Project("{9A19103F-16F7-4668-BE54-9A1E7A4F7556}") = "MovieApp.Host", "MovieApp\MovieApp.Host.csproj", "{C960317D-34DF-432C-BAE5-B4C3E1FEEE96}"
EndProject
Project("{9A19103F-16F7-4668-BE54-9A1E7A4F7556}") = "MovieApp.Domain", "MovieAppDomain\MovieApp.Domain.csproj", "{8CA2D06B-188A-488C-AADE-4791B73454E0}"
EndProject
Project("{9A19103F-16F7-4668-BE54-9A1E7A4F7556}") = "MoviesApp.Unit.Tests", "MoviesApp.Unit.Tests\MoviesApp.Unit.Tests.csproj", "{B9C819FF-AA63-4FCB-86EA-CAF6C6F1F274}"
EndProject
Project("{9A19103F-16F7-4668-BE54-9A1E7A4F7556}") = "MovieApp.Data", "MovieApp.Data\MovieApp.Data.csproj", "{9BF2AFB2-F6EE-4F11-A35D-6AAEA9EB5625}"
EndProject
Global
	GlobalSection(SolutionConfigurationPlatforms) = preSolution
		Debug|Any CPU = Debug|Any CPU
		Release|Any CPU = Release|Any CPU
	EndGlobalSection
	GlobalSection(ProjectConfigurationPlatforms) = postSolution
		{C960317D-34DF-432C-BAE5-B4C3E1FEEE96}.Debug|Any CPU.ActiveCfg = Debug|Any CPU
		{C960317D-34DF-432C-BAE5-B4C3E1FEEE96}.Debug|Any CPU.Build.0 = Debug|Any CPU
		{C960317D-34DF-432C-BAE5-B4C3E1FEEE96}.Release|Any CPU.ActiveCfg = Release|Any CPU
		{C960317D-34DF-432C-BAE5-B4C3E1FEEE96}.Release|Any CPU.Build.0 = Release|Any CPU
		{8CA2D06B-188A-488C-AADE-4791B73454E0}.Debug|Any CPU.ActiveCfg = Debug|Any CPU
		{8CA2D06B-188A-488C-AADE-4791B73454E0}.Debug|Any CPU.Build.0 = Debug|Any CPU
		{8CA2D06B-188A-488C-AADE-4791B73454E0}.Release|Any CPU.ActiveCfg = Release|Any CPU
		{8CA2D06B-188A-488C-AADE-4791B73454E0}.Release|Any CPU.Build.0 = Release|Any CPU
		{B9C819FF-AA63-4FCB-86EA-CAF6C6F1F274}.Debug|Any CPU.ActiveCfg = Debug|Any CPU
		{B9C819FF-AA63-4FCB-86EA-CAF6C6F1F274}.Debug|Any CPU.Build.0 = Debug|Any CPU
		{B9C819FF-AA63-4FCB-86EA-CAF6C6F1F274}.Release|Any CPU.ActiveCfg = Release|Any CPU
		{B9C819FF-AA63-4FCB-86EA-CAF6C6F1F274}.Release|Any CPU.Build.0 = Release|Any CPU
		{9BF2AFB2-F6EE-4F11-A35D-6AAEA9EB5625}.Debug|Any CPU.ActiveCfg = Debug|Any CPU
		{9BF2AFB2-F6EE-4F11-A35D-6AAEA9EB5625}.Debug|Any CPU.Build.0 = Debug|Any CPU
		{9BF2AFB2-F6EE-4F11-A35D-6AAEA9EB5625}.Release|Any CPU.ActiveCfg = Release|Any CPU
		{9BF2AFB2-F6EE-4F11-A35D-6AAEA9EB5625}.Release|Any CPU.Build.0 = Release|Any CPU
	EndGlobalSection
	GlobalSection(SolutionProperties) = preSolution
		HideSolutionNode = FALSE
	EndGlobalSection
	GlobalSection(ExtensibilityGlobals) = postSolution
		SolutionGuid = {14369A1C-0841-493A-85AD-25BC472714CE}
	EndGlobalSection
EndGlobal
